{
  "originHash" : "bd4c51c697621ff51833540b7950d1df51501db1bee17d82a2d1562ad255c0b1",
  "pins" : [
    {
      "identity" : "instructions",
      "kind" : "remoteSourceControl",
      "location" : "https://github.com/ephread/Instructions",
      "state" : {
        "revision" : "54f50ec058a118107178f641f7475db353080c6d",
        "version" : "2.3.0"
      }
    },
    {
      "identity" : "snapkit",
      "kind" : "remoteSourceControl",
      "location" : "https://github.com/SnapKit/SnapKit.git",
      "state" : {
        "revision" : "2842e6e84e82eb9a8dac0100ca90d9444b0307f4",
        "version" : "5.7.1"
      }
    },
    {
      "identity" : "then",
      "kind" : "remoteSourceControl",
      "location" : "https://github.com/devxoul/Then.git",
      "state" : {
        "revision" : "d41ef523faef0f911369f79c0b96815d9dbb6d7a",
        "version" : "3.0.0"
      }
    }
  ],
  "version" : 3
}
