// !$*UTF8*$!
{
	archiveVersion = 1;
	classes = {
	};
	objectVersion = 56;
	objects = {

/* Begin PBXBuildFile section */
		2A6F48FC2B7B8C8400CCF051 /* FirebaseAnalytics in Frameworks */ = {isa = PBXBuildFile; productRef = 2A6F48FB2B7B8C8400CCF051 /* FirebaseAnalytics */; };
		2A6F48FE2B7B8C8400CCF051 /* FirebaseAnalyticsOnDeviceConversion in Frameworks */ = {isa = PBXBuildFile; productRef = 2A6F48FD2B7B8C8400CCF051 /* FirebaseAnalyticsOnDeviceConversion */; };
		2A6F49002B7B8C8400CCF051 /* FirebaseAnalyticsSwift in Frameworks */ = {isa = PBXBuildFile; productRef = 2A6F48FF2B7B8C8400CCF051 /* FirebaseAnalyticsSwift */; };
		2A6F49022B7B8C8400CCF051 /* FirebaseAnalyticsWithoutAdIdSupport in Frameworks */ = {isa = PBXBuildFile; productRef = 2A6F49012B7B8C8400CCF051 /* FirebaseAnalyticsWithoutAdIdSupport */; };
		2A6F49042B7B8C8400CCF051 /* FirebaseAppCheck in Frameworks */ = {isa = PBXBuildFile; productRef = 2A6F49032B7B8C8400CCF051 /* FirebaseAppCheck */; };
		2A6F49062B7B8C8400CCF051 /* FirebaseAppDistribution-Beta in Frameworks */ = {isa = PBXBuildFile; productRef = 2A6F49052B7B8C8400CCF051 /* FirebaseAppDistribution-Beta */; };
		2A6F49082B7B8C8400CCF051 /* FirebaseAuth in Frameworks */ = {isa = PBXBuildFile; productRef = 2A6F49072B7B8C8400CCF051 /* FirebaseAuth */; };
		2A6F490A2B7B8C8400CCF051 /* FirebaseAuthCombine-Community in Frameworks */ = {isa = PBXBuildFile; productRef = 2A6F49092B7B8C8400CCF051 /* FirebaseAuthCombine-Community */; };
		2A6F490C2B7B8C8400CCF051 /* FirebaseCrashlytics in Frameworks */ = {isa = PBXBuildFile; productRef = 2A6F490B2B7B8C8400CCF051 /* FirebaseCrashlytics */; };
		2A6F490E2B7B8C8400CCF051 /* FirebaseDatabase in Frameworks */ = {isa = PBXBuildFile; productRef = 2A6F490D2B7B8C8400CCF051 /* FirebaseDatabase */; };
		2A6F49102B7B8C8400CCF051 /* FirebaseDatabaseSwift in Frameworks */ = {isa = PBXBuildFile; productRef = 2A6F490F2B7B8C8400CCF051 /* FirebaseDatabaseSwift */; };
		2A6F49122B7B8C8400CCF051 /* FirebaseFirestoreSwift in Frameworks */ = {isa = PBXBuildFile; productRef = 2A6F49112B7B8C8400CCF051 /* FirebaseFirestoreSwift */; };
		2A6F49142B7B8C8400CCF051 /* FirebaseFunctions in Frameworks */ = {isa = PBXBuildFile; productRef = 2A6F49132B7B8C8400CCF051 /* FirebaseFunctions */; };
		2A6F49162B7B8C8400CCF051 /* FirebaseFunctionsCombine-Community in Frameworks */ = {isa = PBXBuildFile; productRef = 2A6F49152B7B8C8400CCF051 /* FirebaseFunctionsCombine-Community */; };
		2A6F49182B7B8C8400CCF051 /* FirebaseInAppMessaging-Beta in Frameworks */ = {isa = PBXBuildFile; productRef = 2A6F49172B7B8C8400CCF051 /* FirebaseInAppMessaging-Beta */; };
		2A6F491A2B7B8C8400CCF051 /* FirebaseInAppMessagingSwift-Beta in Frameworks */ = {isa = PBXBuildFile; productRef = 2A6F49192B7B8C8400CCF051 /* FirebaseInAppMessagingSwift-Beta */; };
		2A6F491C2B7B8C8400CCF051 /* FirebaseMessaging in Frameworks */ = {isa = PBXBuildFile; productRef = 2A6F491B2B7B8C8400CCF051 /* FirebaseMessaging */; };
		2A6F491E2B7B8C8400CCF051 /* FirebasePerformance in Frameworks */ = {isa = PBXBuildFile; productRef = 2A6F491D2B7B8C8400CCF051 /* FirebasePerformance */; };
		2A6F49202B7B8C8400CCF051 /* FirebaseRemoteConfig in Frameworks */ = {isa = PBXBuildFile; productRef = 2A6F491F2B7B8C8400CCF051 /* FirebaseRemoteConfig */; };
		2A6F49222B7B8C8400CCF051 /* FirebaseRemoteConfigSwift in Frameworks */ = {isa = PBXBuildFile; productRef = 2A6F49212B7B8C8400CCF051 /* FirebaseRemoteConfigSwift */; };
		2A6F49242B7B8C8400CCF051 /* FirebaseStorage in Frameworks */ = {isa = PBXBuildFile; productRef = 2A6F49232B7B8C8400CCF051 /* FirebaseStorage */; };
		2A6F49262B7B8C8400CCF051 /* FirebaseStorageCombine-Community in Frameworks */ = {isa = PBXBuildFile; productRef = 2A6F49252B7B8C8400CCF051 /* FirebaseStorageCombine-Community */; };
		2A6F49282B7B8C9800CCF051 /* GoogleService-Info.plist in Resources */ = {isa = PBXBuildFile; fileRef = 2A6F49272B7B8C9800CCF051 /* GoogleService-Info.plist */; };
		2A6F49292B7B8C9800CCF051 /* GoogleService-Info.plist in Resources */ = {isa = PBXBuildFile; fileRef = 2A6F49272B7B8C9800CCF051 /* GoogleService-Info.plist */; };
		2A6F492A2B7B8C9800CCF051 /* GoogleService-Info.plist in Resources */ = {isa = PBXBuildFile; fileRef = 2A6F49272B7B8C9800CCF051 /* GoogleService-Info.plist */; };
		2ACAD0042B7B8A4200A5B83C /* AppDelegate.swift in Sources */ = {isa = PBXBuildFile; fileRef = 2ACAD0032B7B8A4200A5B83C /* AppDelegate.swift */; };
		2ACAD0062B7B8A4200A5B83C /* SceneDelegate.swift in Sources */ = {isa = PBXBuildFile; fileRef = 2ACAD0052B7B8A4200A5B83C /* SceneDelegate.swift */; };
		2ACAD0082B7B8A4200A5B83C /* ViewController.swift in Sources */ = {isa = PBXBuildFile; fileRef = 2ACAD0072B7B8A4200A5B83C /* ViewController.swift */; };
		2ACAD00B2B7B8A4200A5B83C /* Main.storyboard in Resources */ = {isa = PBXBuildFile; fileRef = 2ACAD0092B7B8A4200A5B83C /* Main.storyboard */; };
		2ACAD00D2B7B8A4300A5B83C /* Assets.xcassets in Resources */ = {isa = PBXBuildFile; fileRef = 2ACAD00C2B7B8A4300A5B83C /* Assets.xcassets */; };
		2ACAD0102B7B8A4300A5B83C /* LaunchScreen.storyboard in Resources */ = {isa = PBXBuildFile; fileRef = 2ACAD00E2B7B8A4300A5B83C /* LaunchScreen.storyboard */; };
		2ACAD01B2B7B8A4300A5B83C /* FCMTestTests.swift in Sources */ = {isa = PBXBuildFile; fileRef = 2ACAD01A2B7B8A4300A5B83C /* FCMTestTests.swift */; };
		2ACAD0252B7B8A4300A5B83C /* FCMTestUITests.swift in Sources */ = {isa = PBXBuildFile; fileRef = 2ACAD0242B7B8A4300A5B83C /* FCMTestUITests.swift */; };
		2ACAD0272B7B8A4300A5B83C /* FCMTestUITestsLaunchTests.swift in Sources */ = {isa = PBXBuildFile; fileRef = 2ACAD0262B7B8A4300A5B83C /* FCMTestUITestsLaunchTests.swift */; };
/* End PBXBuildFile section */

/* Begin PBXContainerItemProxy section */
		2ACAD0172B7B8A4300A5B83C /* PBXContainerItemProxy */ = {
			isa = PBXContainerItemProxy;
			containerPortal = 2ACACFF82B7B8A4200A5B83C /* Project object */;
			proxyType = 1;
			remoteGlobalIDString = 2ACACFFF2B7B8A4200A5B83C;
			remoteInfo = FCMTest;
		};
		2ACAD0212B7B8A4300A5B83C /* PBXContainerItemProxy */ = {
			isa = PBXContainerItemProxy;
			containerPortal = 2ACACFF82B7B8A4200A5B83C /* Project object */;
			proxyType = 1;
			remoteGlobalIDString = 2ACACFFF2B7B8A4200A5B83C;
			remoteInfo = FCMTest;
		};
/* End PBXContainerItemProxy section */

/* Begin PBXFileReference section */
		2A6F49272B7B8C9800CCF051 /* GoogleService-Info.plist */ = {isa = PBXFileReference; fileEncoding = 4; lastKnownFileType = text.plist.xml; path = "GoogleService-Info.plist"; sourceTree = "<group>"; };
		2A6F492B2B7B90B600CCF051 /* FCMTest.entitlements */ = {isa = PBXFileReference; lastKnownFileType = text.plist.entitlements; path = FCMTest.entitlements; sourceTree = "<group>"; };
		2ACAD0002B7B8A4200A5B83C /* FCMTest.app */ = {isa = PBXFileReference; explicitFileType = wrapper.application; includeInIndex = 0; path = FCMTest.app; sourceTree = BUILT_PRODUCTS_DIR; };
		2ACAD0032B7B8A4200A5B83C /* AppDelegate.swift */ = {isa = PBXFileReference; lastKnownFileType = sourcecode.swift; path = AppDelegate.swift; sourceTree = "<group>"; };
		2ACAD0052B7B8A4200A5B83C /* SceneDelegate.swift */ = {isa = PBXFileReference; lastKnownFileType = sourcecode.swift; path = SceneDelegate.swift; sourceTree = "<group>"; };
		2ACAD0072B7B8A4200A5B83C /* ViewController.swift */ = {isa = PBXFileReference; lastKnownFileType = sourcecode.swift; path = ViewController.swift; sourceTree = "<group>"; };
		2ACAD00A2B7B8A4200A5B83C /* Base */ = {isa = PBXFileReference; lastKnownFileType = file.storyboard; name = Base; path = Base.lproj/Main.storyboard; sourceTree = "<group>"; };
		2ACAD00C2B7B8A4300A5B83C /* Assets.xcassets */ = {isa = PBXFileReference; lastKnownFileType = folder.assetcatalog; path = Assets.xcassets; sourceTree = "<group>"; };
		2ACAD00F2B7B8A4300A5B83C /* Base */ = {isa = PBXFileReference; lastKnownFileType = file.storyboard; name = Base; path = Base.lproj/LaunchScreen.storyboard; sourceTree = "<group>"; };
		2ACAD0112B7B8A4300A5B83C /* Info.plist */ = {isa = PBXFileReference; lastKnownFileType = text.plist.xml; path = Info.plist; sourceTree = "<group>"; };
		2ACAD0162B7B8A4300A5B83C /* FCMTestTests.xctest */ = {isa = PBXFileReference; explicitFileType = wrapper.cfbundle; includeInIndex = 0; path = FCMTestTests.xctest; sourceTree = BUILT_PRODUCTS_DIR; };
		2ACAD01A2B7B8A4300A5B83C /* FCMTestTests.swift */ = {isa = PBXFileReference; lastKnownFileType = sourcecode.swift; path = FCMTestTests.swift; sourceTree = "<group>"; };
		2ACAD0202B7B8A4300A5B83C /* FCMTestUITests.xctest */ = {isa = PBXFileReference; explicitFileType = wrapper.cfbundle; includeInIndex = 0; path = FCMTestUITests.xctest; sourceTree = BUILT_PRODUCTS_DIR; };
		2ACAD0242B7B8A4300A5B83C /* FCMTestUITests.swift */ = {isa = PBXFileReference; lastKnownFileType = sourcecode.swift; path = FCMTestUITests.swift; sourceTree = "<group>"; };
		2ACAD0262B7B8A4300A5B83C /* FCMTestUITestsLaunchTests.swift */ = {isa = PBXFileReference; lastKnownFileType = sourcecode.swift; path = FCMTestUITestsLaunchTests.swift; sourceTree = "<group>"; };
/* End PBXFileReference section */

/* Begin PBXFrameworksBuildPhase section */
		2ACACFFD2B7B8A4200A5B83C /* Frameworks */ = {
			isa = PBXFrameworksBuildPhase;
			buildActionMask = 2147483647;
			files = (
				2A6F49262B7B8C8400CCF051 /* FirebaseStorageCombine-Community in Frameworks */,
				2A6F490E2B7B8C8400CCF051 /* FirebaseDatabase in Frameworks */,
				2A6F49002B7B8C8400CCF051 /* FirebaseAnalyticsSwift in Frameworks */,
				2A6F491E2B7B8C8400CCF051 /* FirebasePerformance in Frameworks */,
				2A6F48FC2B7B8C8400CCF051 /* FirebaseAnalytics in Frameworks */,
				2A6F48FE2B7B8C8400CCF051 /* FirebaseAnalyticsOnDeviceConversion in Frameworks */,
				2A6F49042B7B8C8400CCF051 /* FirebaseAppCheck in Frameworks */,
				2A6F49022B7B8C8400CCF051 /* FirebaseAnalyticsWithoutAdIdSupport in Frameworks */,
				2A6F49082B7B8C8400CCF051 /* FirebaseAuth in Frameworks */,
				2A6F49162B7B8C8400CCF051 /* FirebaseFunctionsCombine-Community in Frameworks */,
				2A6F490C2B7B8C8400CCF051 /* FirebaseCrashlytics in Frameworks */,
				2A6F49202B7B8C8400CCF051 /* FirebaseRemoteConfig in Frameworks */,
				2A6F49242B7B8C8400CCF051 /* FirebaseStorage in Frameworks */,
				2A6F491C2B7B8C8400CCF051 /* FirebaseMessaging in Frameworks */,
				2A6F49102B7B8C8400CCF051 /* FirebaseDatabaseSwift in Frameworks */,
				2A6F491A2B7B8C8400CCF051 /* FirebaseInAppMessagingSwift-Beta in Frameworks */,
				2A6F49142B7B8C8400CCF051 /* FirebaseFunctions in Frameworks */,
				2A6F49062B7B8C8400CCF051 /* FirebaseAppDistribution-Beta in Frameworks */,
				2A6F490A2B7B8C8400CCF051 /* FirebaseAuthCombine-Community in Frameworks */,
				2A6F49222B7B8C8400CCF051 /* FirebaseRemoteConfigSwift in Frameworks */,
				2A6F49122B7B8C8400CCF051 /* FirebaseFirestoreSwift in Frameworks */,
				2A6F49182B7B8C8400CCF051 /* FirebaseInAppMessaging-Beta in Frameworks */,
			);
			runOnlyForDeploymentPostprocessing = 0;
		};
		2ACAD0132B7B8A4300A5B83C /* Frameworks */ = {
			isa = PBXFrameworksBuildPhase;
			buildActionMask = 2147483647;
			files = (
			);
			runOnlyForDeploymentPostprocessing = 0;
		};
		2ACAD01D2B7B8A4300A5B83C /* Frameworks */ = {
			isa = PBXFrameworksBuildPhase;
			buildActionMask = 2147483647;
			files = (
			);
			runOnlyForDeploymentPostprocessing = 0;
		};
/* End PBXFrameworksBuildPhase section */

/* Begin PBXGroup section */
		2ACACFF72B7B8A4200A5B83C = {
			isa = PBXGroup;
			children = (
				2ACAD0022B7B8A4200A5B83C /* FCMTest */,
				2ACAD0192B7B8A4300A5B83C /* FCMTestTests */,
				2ACAD0232B7B8A4300A5B83C /* FCMTestUITests */,
				2ACAD0012B7B8A4200A5B83C /* Products */,
			);
			sourceTree = "<group>";
		};
		2ACAD0012B7B8A4200A5B83C /* Products */ = {
			isa = PBXGroup;
			children = (
				2ACAD0002B7B8A4200A5B83C /* FCMTest.app */,
				2ACAD0162B7B8A4300A5B83C /* FCMTestTests.xctest */,
				2ACAD0202B7B8A4300A5B83C /* FCMTestUITests.xctest */,
			);
			name = Products;
			sourceTree = "<group>";
		};
		2ACAD0022B7B8A4200A5B83C /* FCMTest */ = {
			isa = PBXGroup;
			children = (
				2A6F492B2B7B90B600CCF051 /* FCMTest.entitlements */,
				2ACAD0032B7B8A4200A5B83C /* AppDelegate.swift */,
				2ACAD0052B7B8A4200A5B83C /* SceneDelegate.swift */,
				2ACAD0072B7B8A4200A5B83C /* ViewController.swift */,
				2ACAD0092B7B8A4200A5B83C /* Main.storyboard */,
				2ACAD00C2B7B8A4300A5B83C /* Assets.xcassets */,
				2ACAD00E2B7B8A4300A5B83C /* LaunchScreen.storyboard */,
				2ACAD0112B7B8A4300A5B83C /* Info.plist */,
				2A6F49272B7B8C9800CCF051 /* GoogleService-Info.plist */,
			);
			path = FCMTest;
			sourceTree = "<group>";
		};
		2ACAD0192B7B8A4300A5B83C /* FCMTestTests */ = {
			isa = PBXGroup;
			children = (
				2ACAD01A2B7B8A4300A5B83C /* FCMTestTests.swift */,
			);
			path = FCMTestTests;
			sourceTree = "<group>";
		};
		2ACAD0232B7B8A4300A5B83C /* FCMTestUITests */ = {
			isa = PBXGroup;
			children = (
				2ACAD0242B7B8A4300A5B83C /* FCMTestUITests.swift */,
				2ACAD0262B7B8A4300A5B83C /* FCMTestUITestsLaunchTests.swift */,
			);
			path = FCMTestUITests;
			sourceTree = "<group>";
		};
/* End PBXGroup section */

/* Begin PBXNativeTarget section */
		2ACACFFF2B7B8A4200A5B83C /* FCMTest */ = {
			isa = PBXNativeTarget;
			buildConfigurationList = 2ACAD02A2B7B8A4300A5B83C /* Build configuration list for PBXNativeTarget "FCMTest" */;
			buildPhases = (
				2ACACFFC2B7B8A4200A5B83C /* Sources */,
				2ACACFFD2B7B8A4200A5B83C /* Frameworks */,
				2ACACFFE2B7B8A4200A5B83C /* Resources */,
			);
			buildRules = (
			);
			dependencies = (
			);
			name = FCMTest;
			packageProductDependencies = (
				2A6F48FB2B7B8C8400CCF051 /* FirebaseAnalytics */,
				2A6F48FD2B7B8C8400CCF051 /* FirebaseAnalyticsOnDeviceConversion */,
				2A6F48FF2B7B8C8400CCF051 /* FirebaseAnalyticsSwift */,
				2A6F49012B7B8C8400CCF051 /* FirebaseAnalyticsWithoutAdIdSupport */,
				2A6F49032B7B8C8400CCF051 /* FirebaseAppCheck */,
				2A6F49052B7B8C8400CCF051 /* FirebaseAppDistribution-Beta */,
				2A6F49072B7B8C8400CCF051 /* FirebaseAuth */,
				2A6F49092B7B8C8400CCF051 /* FirebaseAuthCombine-Community */,
				2A6F490B2B7B8C8400CCF051 /* FirebaseCrashlytics */,
				2A6F490D2B7B8C8400CCF051 /* FirebaseDatabase */,
				2A6F490F2B7B8C8400CCF051 /* FirebaseDatabaseSwift */,
				2A6F49112B7B8C8400CCF051 /* FirebaseFirestoreSwift */,
				2A6F49132B7B8C8400CCF051 /* FirebaseFunctions */,
				2A6F49152B7B8C8400CCF051 /* FirebaseFunctionsCombine-Community */,
				2A6F49172B7B8C8400CCF051 /* FirebaseInAppMessaging-Beta */,
				2A6F49192B7B8C8400CCF051 /* FirebaseInAppMessagingSwift-Beta */,
				2A6F491B2B7B8C8400CCF051 /* FirebaseMessaging */,
				2A6F491D2B7B8C8400CCF051 /* FirebasePerformance */,
				2A6F491F2B7B8C8400CCF051 /* FirebaseRemoteConfig */,
				2A6F49212B7B8C8400CCF051 /* FirebaseRemoteConfigSwift */,
				2A6F49232B7B8C8400CCF051 /* FirebaseStorage */,
				2A6F49252B7B8C8400CCF051 /* FirebaseStorageCombine-Community */,
			);
			productName = FCMTest;
			productReference = 2ACAD0002B7B8A4200A5B83C /* FCMTest.app */;
			productType = "com.apple.product-type.application";
		};
		2ACAD0152B7B8A4300A5B83C /* FCMTestTests */ = {
			isa = PBXNativeTarget;
			buildConfigurationList = 2ACAD02D2B7B8A4300A5B83C /* Build configuration list for PBXNativeTarget "FCMTestTests" */;
			buildPhases = (
				2ACAD0122B7B8A4300A5B83C /* Sources */,
				2ACAD0132B7B8A4300A5B83C /* Frameworks */,
				2ACAD0142B7B8A4300A5B83C /* Resources */,
			);
			buildRules = (
			);
			dependencies = (
				2ACAD0182B7B8A4300A5B83C /* PBXTargetDependency */,
			);
			name = FCMTestTests;
			productName = FCMTestTests;
			productReference = 2ACAD0162B7B8A4300A5B83C /* FCMTestTests.xctest */;
			productType = "com.apple.product-type.bundle.unit-test";
		};
		2ACAD01F2B7B8A4300A5B83C /* FCMTestUITests */ = {
			isa = PBXNativeTarget;
			buildConfigurationList = 2ACAD0302B7B8A4300A5B83C /* Build configuration list for PBXNativeTarget "FCMTestUITests" */;
			buildPhases = (
				2ACAD01C2B7B8A4300A5B83C /* Sources */,
				2ACAD01D2B7B8A4300A5B83C /* Frameworks */,
				2ACAD01E2B7B8A4300A5B83C /* Resources */,
			);
			buildRules = (
			);
			dependencies = (
				2ACAD0222B7B8A4300A5B83C /* PBXTargetDependency */,
			);
			name = FCMTestUITests;
			productName = FCMTestUITests;
			productReference = 2ACAD0202B7B8A4300A5B83C /* FCMTestUITests.xctest */;
			productType = "com.apple.product-type.bundle.ui-testing";
		};
/* End PBXNativeTarget section */

/* Begin PBXProject section */
		2ACACFF82B7B8A4200A5B83C /* Project object */ = {
			isa = PBXProject;
			attributes = {
				BuildIndependentTargetsInParallel = 1;
				LastSwiftUpdateCheck = 1520;
				LastUpgradeCheck = 1520;
				TargetAttributes = {
					2ACACFFF2B7B8A4200A5B83C = {
						CreatedOnToolsVersion = 15.2;
					};
					2ACAD0152B7B8A4300A5B83C = {
						CreatedOnToolsVersion = 15.2;
						TestTargetID = 2ACACFFF2B7B8A4200A5B83C;
					};
					2ACAD01F2B7B8A4300A5B83C = {
						CreatedOnToolsVersion = 15.2;
						TestTargetID = 2ACACFFF2B7B8A4200A5B83C;
					};
				};
			};
			buildConfigurationList = 2ACACFFB2B7B8A4200A5B83C /* Build configuration list for PBXProject "FCMTest" */;
			compatibilityVersion = "Xcode 14.0";
			developmentRegion = en;
			hasScannedForEncodings = 0;
			knownRegions = (
				en,
				Base,
			);
			mainGroup = 2ACACFF72B7B8A4200A5B83C;
			packageReferences = (
				2A6F48FA2B7B8C8400CCF051 /* XCRemoteSwiftPackageReference "firebase-ios-sdk" */,
			);
			productRefGroup = 2ACAD0012B7B8A4200A5B83C /* Products */;
			projectDirPath = "";
			projectRoot = "";
			targets = (
				2ACACFFF2B7B8A4200A5B83C /* FCMTest */,
				2ACAD0152B7B8A4300A5B83C /* FCMTestTests */,
				2ACAD01F2B7B8A4300A5B83C /* FCMTestUITests */,
			);
		};
/* End PBXProject section */

/* Begin PBXResourcesBuildPhase section */
		2ACACFFE2B7B8A4200A5B83C /* Resources */ = {
			isa = PBXResourcesBuildPhase;
			buildActionMask = 2147483647;
			files = (
				2ACAD0102B7B8A4300A5B83C /* LaunchScreen.storyboard in Resources */,
				2A6F49282B7B8C9800CCF051 /* GoogleService-Info.plist in Resources */,
				2ACAD00D2B7B8A4300A5B83C /* Assets.xcassets in Resources */,
				2ACAD00B2B7B8A4200A5B83C /* Main.storyboard in Resources */,
			);
			runOnlyForDeploymentPostprocessing = 0;
		};
		2ACAD0142B7B8A4300A5B83C /* Resources */ = {
			isa = PBXResourcesBuildPhase;
			buildActionMask = 2147483647;
			files = (
				2A6F49292B7B8C9800CCF051 /* GoogleService-Info.plist in Resources */,
			);
			runOnlyForDeploymentPostprocessing = 0;
		};
		2ACAD01E2B7B8A4300A5B83C /* Resources */ = {
			isa = PBXResourcesBuildPhase;
			buildActionMask = 2147483647;
			files = (
				2A6F492A2B7B8C9800CCF051 /* GoogleService-Info.plist in Resources */,
			);
			runOnlyForDeploymentPostprocessing = 0;
		};
/* End PBXResourcesBuildPhase section */

/* Begin PBXSourcesBuildPhase section */
		2ACACFFC2B7B8A4200A5B83C /* Sources */ = {
			isa = PBXSourcesBuildPhase;
			buildActionMask = 2147483647;
			files = (
				2ACAD0082B7B8A4200A5B83C /* ViewController.swift in Sources */,
				2ACAD0042B7B8A4200A5B83C /* AppDelegate.swift in Sources */,
				2ACAD0062B7B8A4200A5B83C /* SceneDelegate.swift in Sources */,
			);
			runOnlyForDeploymentPostprocessing = 0;
		};
		2ACAD0122B7B8A4300A5B83C /* Sources */ = {
			isa = PBXSourcesBuildPhase;
			buildActionMask = 2147483647;
			files = (
				2ACAD01B2B7B8A4300A5B83C /* FCMTestTests.swift in Sources */,
			);
			runOnlyForDeploymentPostprocessing = 0;
		};
		2ACAD01C2B7B8A4300A5B83C /* Sources */ = {
			isa = PBXSourcesBuildPhase;
			buildActionMask = 2147483647;
			files = (
				2ACAD0252B7B8A4300A5B83C /* FCMTestUITests.swift in Sources */,
				2ACAD0272B7B8A4300A5B83C /* FCMTestUITestsLaunchTests.swift in Sources */,
			);
			runOnlyForDeploymentPostprocessing = 0;
		};
/* End PBXSourcesBuildPhase section */

/* Begin PBXTargetDependency section */
		2ACAD0182B7B8A4300A5B83C /* PBXTargetDependency */ = {
			isa = PBXTargetDependency;
			target = 2ACACFFF2B7B8A4200A5B83C /* FCMTest */;
			targetProxy = 2ACAD0172B7B8A4300A5B83C /* PBXContainerItemProxy */;
		};
		2ACAD0222B7B8A4300A5B83C /* PBXTargetDependency */ = {
			isa = PBXTargetDependency;
			target = 2ACACFFF2B7B8A4200A5B83C /* FCMTest */;
			targetProxy = 2ACAD0212B7B8A4300A5B83C /* PBXContainerItemProxy */;
		};
/* End PBXTargetDependency section */

/* Begin PBXVariantGroup section */
		2ACAD0092B7B8A4200A5B83C /* Main.storyboard */ = {
			isa = PBXVariantGroup;
			children = (
				2ACAD00A2B7B8A4200A5B83C /* Base */,
			);
			name = Main.storyboard;
			sourceTree = "<group>";
		};
		2ACAD00E2B7B8A4300A5B83C /* LaunchScreen.storyboard */ = {
			isa = PBXVariantGroup;
			children = (
				2ACAD00F2B7B8A4300A5B83C /* Base */,
			);
			name = LaunchScreen.storyboard;
			sourceTree = "<group>";
		};
/* End PBXVariantGroup section */

/* Begin XCBuildConfiguration section */
		2ACAD0282B7B8A4300A5B83C /* Debug */ = {
			isa = XCBuildConfiguration;
			buildSettings = {
				ALWAYS_SEARCH_USER_PATHS = NO;
				ASSETCATALOG_COMPILER_GENERATE_SWIFT_ASSET_SYMBOL_EXTENSIONS = YES;
				CLANG_ANALYZER_NONNULL = YES;
				CLANG_ANALYZER_NUMBER_OBJECT_CONVERSION = YES_AGGRESSIVE;
				CLANG_CXX_LANGUAGE_STANDARD = "gnu++20";
				CLANG_ENABLE_MODULES = YES;
				CLANG_ENABLE_OBJC_ARC = YES;
				CLANG_ENABLE_OBJC_WEAK = YES;
				CLANG_WARN_BLOCK_CAPTURE_AUTORELEASING = YES;
				CLANG_WARN_BOOL_CONVERSION = YES;
				CLANG_WARN_COMMA = YES;
				CLANG_WARN_CONSTANT_CONVERSION = YES;
				CLANG_WARN_DEPRECATED_OBJC_IMPLEMENTATIONS = YES;
				CLANG_WARN_DIRECT_OBJC_ISA_USAGE = YES_ERROR;
				CLANG_WARN_DOCUMENTATION_COMMENTS = YES;
				CLANG_WARN_EMPTY_BODY = YES;
				CLANG_WARN_ENUM_CONVERSION = YES;
				CLANG_WARN_INFINITE_RECURSION = YES;
				CLANG_WARN_INT_CONVERSION = YES;
				CLANG_WARN_NON_LITERAL_NULL_CONVERSION = YES;
				CLANG_WARN_OBJC_IMPLICIT_RETAIN_SELF = YES;
				CLANG_WARN_OBJC_LITERAL_CONVERSION = YES;
				CLANG_WARN_OBJC_ROOT_CLASS = YES_ERROR;
				CLANG_WARN_QUOTED_INCLUDE_IN_FRAMEWORK_HEADER = YES;
				CLANG_WARN_RANGE_LOOP_ANALYSIS = YES;
				CLANG_WARN_STRICT_PROTOTYPES = YES;
				CLANG_WARN_SUSPICIOUS_MOVE = YES;
				CLANG_WARN_UNGUARDED_AVAILABILITY = YES_AGGRESSIVE;
				CLANG_WARN_UNREACHABLE_CODE = YES;
				CLANG_WARN__DUPLICATE_METHOD_MATCH = YES;
				COPY_PHASE_STRIP = NO;
				DEBUG_INFORMATION_FORMAT = dwarf;
				ENABLE_STRICT_OBJC_MSGSEND = YES;
				ENABLE_TESTABILITY = YES;
				ENABLE_USER_SCRIPT_SANDBOXING = YES;
				GCC_C_LANGUAGE_STANDARD = gnu17;
				GCC_DYNAMIC_NO_PIC = NO;
				GCC_NO_COMMON_BLOCKS = YES;
				GCC_OPTIMIZATION_LEVEL = 0;
				GCC_PREPROCESSOR_DEFINITIONS = (
					"DEBUG=1",
					"$(inherited)",
				);
				GCC_WARN_64_TO_32_BIT_CONVERSION = YES;
				GCC_WARN_ABOUT_RETURN_TYPE = YES_ERROR;
				GCC_WARN_UNDECLARED_SELECTOR = YES;
				GCC_WARN_UNINITIALIZED_AUTOS = YES_AGGRESSIVE;
				GCC_WARN_UNUSED_FUNCTION = YES;
				GCC_WARN_UNUSED_VARIABLE = YES;
				IPHONEOS_DEPLOYMENT_TARGET = 17.2;
				LOCALIZATION_PREFERS_STRING_CATALOGS = YES;
				MTL_ENABLE_DEBUG_INFO = INCLUDE_SOURCE;
				MTL_FAST_MATH = YES;
				ONLY_ACTIVE_ARCH = YES;
				SDKROOT = iphoneos;
				SWIFT_ACTIVE_COMPILATION_CONDITIONS = "DEBUG $(inherited)";
				SWIFT_OPTIMIZATION_LEVEL = "-Onone";
			};
			name = Debug;
		};
		2ACAD0292B7B8A4300A5B83C /* Release */ = {
			isa = XCBuildConfiguration;
			buildSettings = {
				ALWAYS_SEARCH_USER_PATHS = NO;
				ASSETCATALOG_COMPILER_GENERATE_SWIFT_ASSET_SYMBOL_EXTENSIONS = YES;
				CLANG_ANALYZER_NONNULL = YES;
				CLANG_ANALYZER_NUMBER_OBJECT_CONVERSION = YES_AGGRESSIVE;
				CLANG_CXX_LANGUAGE_STANDARD = "gnu++20";
				CLANG_ENABLE_MODULES = YES;
				CLANG_ENABLE_OBJC_ARC = YES;
				CLANG_ENABLE_OBJC_WEAK = YES;
				CLANG_WARN_BLOCK_CAPTURE_AUTORELEASING = YES;
				CLANG_WARN_BOOL_CONVERSION = YES;
				CLANG_WARN_COMMA = YES;
				CLANG_WARN_CONSTANT_CONVERSION = YES;
				CLANG_WARN_DEPRECATED_OBJC_IMPLEMENTATIONS = YES;
				CLANG_WARN_DIRECT_OBJC_ISA_USAGE = YES_ERROR;
				CLANG_WARN_DOCUMENTATION_COMMENTS = YES;
				CLANG_WARN_EMPTY_BODY = YES;
				CLANG_WARN_ENUM_CONVERSION = YES;
				CLANG_WARN_INFINITE_RECURSION = YES;
				CLANG_WARN_INT_CONVERSION = YES;
				CLANG_WARN_NON_LITERAL_NULL_CONVERSION = YES;
				CLANG_WARN_OBJC_IMPLICIT_RETAIN_SELF = YES;
				CLANG_WARN_OBJC_LITERAL_CONVERSION = YES;
				CLANG_WARN_OBJC_ROOT_CLASS = YES_ERROR;
				CLANG_WARN_QUOTED_INCLUDE_IN_FRAMEWORK_HEADER = YES;
				CLANG_WARN_RANGE_LOOP_ANALYSIS = YES;
				CLANG_WARN_STRICT_PROTOTYPES = YES;
				CLANG_WARN_SUSPICIOUS_MOVE = YES;
				CLANG_WARN_UNGUARDED_AVAILABILITY = YES_AGGRESSIVE;
				CLANG_WARN_UNREACHABLE_CODE = YES;
				CLANG_WARN__DUPLICATE_METHOD_MATCH = YES;
				COPY_PHASE_STRIP = NO;
				DEBUG_INFORMATION_FORMAT = "dwarf-with-dsym";
				ENABLE_NS_ASSERTIONS = NO;
				ENABLE_STRICT_OBJC_MSGSEND = YES;
				ENABLE_USER_SCRIPT_SANDBOXING = YES;
				GCC_C_LANGUAGE_STANDARD = gnu17;
				GCC_NO_COMMON_BLOCKS = YES;
				GCC_WARN_64_TO_32_BIT_CONVERSION = YES;
				GCC_WARN_ABOUT_RETURN_TYPE = YES_ERROR;
				GCC_WARN_UNDECLARED_SELECTOR = YES;
				GCC_WARN_UNINITIALIZED_AUTOS = YES_AGGRESSIVE;
				GCC_WARN_UNUSED_FUNCTION = YES;
				GCC_WARN_UNUSED_VARIABLE = YES;
				IPHONEOS_DEPLOYMENT_TARGET = 17.2;
				LOCALIZATION_PREFERS_STRING_CATALOGS = YES;
				MTL_ENABLE_DEBUG_INFO = NO;
				MTL_FAST_MATH = YES;
				SDKROOT = iphoneos;
				SWIFT_COMPILATION_MODE = wholemodule;
				VALIDATE_PRODUCT = YES;
			};
			name = Release;
		};
		2ACAD02B2B7B8A4300A5B83C /* Debug */ = {
			isa = XCBuildConfiguration;
			buildSettings = {
				ASSETCATALOG_COMPILER_APPICON_NAME = AppIcon;
				ASSETCATALOG_COMPILER_GLOBAL_ACCENT_COLOR_NAME = AccentColor;
				CODE_SIGN_ENTITLEMENTS = FCMTest/FCMTest.entitlements;
				CODE_SIGN_STYLE = Automatic;
				CURRENT_PROJECT_VERSION = 1;
				DEVELOPMENT_TEAM = 39JATSZXJT;
				GENERATE_INFOPLIST_FILE = YES;
				INFOPLIST_FILE = FCMTest/Info.plist;
				INFOPLIST_KEY_UIApplicationSupportsIndirectInputEvents = YES;
				INFOPLIST_KEY_UILaunchStoryboardName = LaunchScreen;
				INFOPLIST_KEY_UIMainStoryboardFile = Main;
				INFOPLIST_KEY_UISupportedInterfaceOrientations_iPad = "UIInterfaceOrientationPortrait UIInterfaceOrientationPortraitUpsideDown UIInterfaceOrientationLandscapeLeft UIInterfaceOrientationLandscapeRight";
				INFOPLIST_KEY_UISupportedInterfaceOrientations_iPhone = "UIInterfaceOrientationPortrait UIInterfaceOrientationLandscapeLeft UIInterfaceOrientationLandscapeRight";
				LD_RUNPATH_SEARCH_PATHS = (
					"$(inherited)",
					"@executable_path/Frameworks",
				);
				MARKETING_VERSION = 1.0;
				PRODUCT_BUNDLE_IDENTIFIER = com.deok.FCMTest;
				PRODUCT_NAME = "$(TARGET_NAME)";
				SWIFT_EMIT_LOC_STRINGS = YES;
				SWIFT_VERSION = 5.0;
				TARGETED_DEVICE_FAMILY = "1,2";
			};
			name = Debug;
		};
		2ACAD02C2B7B8A4300A5B83C /* Release */ = {
			isa = XCBuildConfiguration;
			buildSettings = {
				ASSETCATALOG_COMPILER_APPICON_NAME = AppIcon;
				ASSETCATALOG_COMPILER_GLOBAL_ACCENT_COLOR_NAME = AccentColor;
				CODE_SIGN_ENTITLEMENTS = FCMTest/FCMTest.entitlements;
				CODE_SIGN_STYLE = Automatic;
				CURRENT_PROJECT_VERSION = 1;
				DEVELOPMENT_TEAM = 39JATSZXJT;
				GENERATE_INFOPLIST_FILE = YES;
				INFOPLIST_FILE = FCMTest/Info.plist;
				INFOPLIST_KEY_UIApplicationSupportsIndirectInputEvents = YES;
				INFOPLIST_KEY_UILaunchStoryboardName = LaunchScreen;
				INFOPLIST_KEY_UIMainStoryboardFile = Main;
				INFOPLIST_KEY_UISupportedInterfaceOrientations_iPad = "UIInterfaceOrientationPortrait UIInterfaceOrientationPortraitUpsideDown UIInterfaceOrientationLandscapeLeft UIInterfaceOrientationLandscapeRight";
				INFOPLIST_KEY_UISupportedInterfaceOrientations_iPhone = "UIInterfaceOrientationPortrait UIInterfaceOrientationLandscapeLeft UIInterfaceOrientationLandscapeRight";
				LD_RUNPATH_SEARCH_PATHS = (
					"$(inherited)",
					"@executable_path/Frameworks",
				);
				MARKETING_VERSION = 1.0;
				PRODUCT_BUNDLE_IDENTIFIER = com.deok.FCMTest;
				PRODUCT_NAME = "$(TARGET_NAME)";
				SWIFT_EMIT_LOC_STRINGS = YES;
				SWIFT_VERSION = 5.0;
				TARGETED_DEVICE_FAMILY = "1,2";
			};
			name = Release;
		};
		2ACAD02E2B7B8A4300A5B83C /* Debug */ = {
			isa = XCBuildConfiguration;
			buildSettings = {
				ALWAYS_EMBED_SWIFT_STANDARD_LIBRARIES = YES;
				BUNDLE_LOADER = "$(TEST_HOST)";
				CODE_SIGN_STYLE = Automatic;
				CURRENT_PROJECT_VERSION = 1;
				DEVELOPMENT_TEAM = 39JATSZXJT;
				GENERATE_INFOPLIST_FILE = YES;
				IPHONEOS_DEPLOYMENT_TARGET = 17.2;
				MARKETING_VERSION = 1.0;
				PRODUCT_BUNDLE_IDENTIFIER = com.deok.FCMTestTests;
				PRODUCT_NAME = "$(TARGET_NAME)";
				SWIFT_EMIT_LOC_STRINGS = NO;
				SWIFT_VERSION = 5.0;
				TARGETED_DEVICE_FAMILY = "1,2";
				TEST_HOST = "$(BUILT_PRODUCTS_DIR)/FCMTest.app/$(BUNDLE_EXECUTABLE_FOLDER_PATH)/FCMTest";
			};
			name = Debug;
		};
		2ACAD02F2B7B8A4300A5B83C /* Release */ = {
			isa = XCBuildConfiguration;
			buildSettings = {
				ALWAYS_EMBED_SWIFT_STANDARD_LIBRARIES = YES;
				BUNDLE_LOADER = "$(TEST_HOST)";
				CODE_SIGN_STYLE = Automatic;
				CURRENT_PROJECT_VERSION = 1;
				DEVELOPMENT_TEAM = 39JATSZXJT;
				GENERATE_INFOPLIST_FILE = YES;
				IPHONEOS_DEPLOYMENT_TARGET = 17.2;
				MARKETING_VERSION = 1.0;
				PRODUCT_BUNDLE_IDENTIFIER = com.deok.FCMTestTests;
				PRODUCT_NAME = "$(TARGET_NAME)";
				SWIFT_EMIT_LOC_STRINGS = NO;
				SWIFT_VERSION = 5.0;
				TARGETED_DEVICE_FAMILY = "1,2";
				TEST_HOST = "$(BUILT_PRODUCTS_DIR)/FCMTest.app/$(BUNDLE_EXECUTABLE_FOLDER_PATH)/FCMTest";
			};
			name = Release;
		};
		2ACAD0312B7B8A4300A5B83C /* Debug */ = {
			isa = XCBuildConfiguration;
			buildSettings = {
				ALWAYS_EMBED_SWIFT_STANDARD_LIBRARIES = YES;
				CODE_SIGN_STYLE = Automatic;
				CURRENT_PROJECT_VERSION = 1;
				DEVELOPMENT_TEAM = 39JATSZXJT;
				GENERATE_INFOPLIST_FILE = YES;
				MARKETING_VERSION = 1.0;
				PRODUCT_BUNDLE_IDENTIFIER = com.deok.FCMTestUITests;
				PRODUCT_NAME = "$(TARGET_NAME)";
				SWIFT_EMIT_LOC_STRINGS = NO;
				SWIFT_VERSION = 5.0;
				TARGETED_DEVICE_FAMILY = "1,2";
				TEST_TARGET_NAME = FCMTest;
			};
			name = Debug;
		};
		2ACAD0322B7B8A4300A5B83C /* Release */ = {
			isa = XCBuildConfiguration;
			buildSettings = {
				ALWAYS_EMBED_SWIFT_STANDARD_LIBRARIES = YES;
				CODE_SIGN_STYLE = Automatic;
				CURRENT_PROJECT_VERSION = 1;
				DEVELOPMENT_TEAM = 39JATSZXJT;
				GENERATE_INFOPLIST_FILE = YES;
				MARKETING_VERSION = 1.0;
				PRODUCT_BUNDLE_IDENTIFIER = com.deok.FCMTestUITests;
				PRODUCT_NAME = "$(TARGET_NAME)";
				SWIFT_EMIT_LOC_STRINGS = NO;
				SWIFT_VERSION = 5.0;
				TARGETED_DEVICE_FAMILY = "1,2";
				TEST_TARGET_NAME = FCMTest;
			};
			name = Release;
		};
/* End XCBuildConfiguration section */

/* Begin XCConfigurationList section */
		2ACACFFB2B7B8A4200A5B83C /* Build configuration list for PBXProject "FCMTest" */ = {
			isa = XCConfigurationList;
			buildConfigurations = (
				2ACAD0282B7B8A4300A5B83C /* Debug */,
				2ACAD0292B7B8A4300A5B83C /* Release */,
			);
			defaultConfigurationIsVisible = 0;
			defaultConfigurationName = Release;
		};
		2ACAD02A2B7B8A4300A5B83C /* Build configuration list for PBXNativeTarget "FCMTest" */ = {
			isa = XCConfigurationList;
			buildConfigurations = (
				2ACAD02B2B7B8A4300A5B83C /* Debug */,
				2ACAD02C2B7B8A4300A5B83C /* Release */,
			);
			defaultConfigurationIsVisible = 0;
			defaultConfigurationName = Release;
		};
		2ACAD02D2B7B8A4300A5B83C /* Build configuration list for PBXNativeTarget "FCMTestTests" */ = {
			isa = XCConfigurationList;
			buildConfigurations = (
				2ACAD02E2B7B8A4300A5B83C /* Debug */,
				2ACAD02F2B7B8A4300A5B83C /* Release */,
			);
			defaultConfigurationIsVisible = 0;
			defaultConfigurationName = Release;
		};
		2ACAD0302B7B8A4300A5B83C /* Build configuration list for PBXNativeTarget "FCMTestUITests" */ = {
			isa = XCConfigurationList;
			buildConfigurations = (
				2ACAD0312B7B8A4300A5B83C /* Debug */,
				2ACAD0322B7B8A4300A5B83C /* Release */,
			);
			defaultConfigurationIsVisible = 0;
			defaultConfigurationName = Release;
		};
/* End XCConfigurationList section */

/* Begin XCRemoteSwiftPackageReference section */
		2A6F48FA2B7B8C8400CCF051 /* XCRemoteSwiftPackageReference "firebase-ios-sdk" */ = {
			isa = XCRemoteSwiftPackageReference;
			repositoryURL = "https://github.com/firebase/firebase-ios-sdk";
			requirement = {
				kind = upToNextMajorVersion;
				minimumVersion = 10.21.0;
			};
		};
/* End XCRemoteSwiftPackageReference section */

/* Begin XCSwiftPackageProductDependency section */
		2A6F48FB2B7B8C8400CCF051 /* FirebaseAnalytics */ = {
			isa = XCSwiftPackageProductDependency;
			package = 2A6F48FA2B7B8C8400CCF051 /* XCRemoteSwiftPackageReference "firebase-ios-sdk" */;
			productName = FirebaseAnalytics;
		};
		2A6F48FD2B7B8C8400CCF051 /* FirebaseAnalyticsOnDeviceConversion */ = {
			isa = XCSwiftPackageProductDependency;
			package = 2A6F48FA2B7B8C8400CCF051 /* XCRemoteSwiftPackageReference "firebase-ios-sdk" */;
			productName = FirebaseAnalyticsOnDeviceConversion;
		};
		2A6F48FF2B7B8C8400CCF051 /* FirebaseAnalyticsSwift */ = {
			isa = XCSwiftPackageProductDependency;
			package = 2A6F48FA2B7B8C8400CCF051 /* XCRemoteSwiftPackageReference "firebase-ios-sdk" */;
			productName = FirebaseAnalyticsSwift;
		};
		2A6F49012B7B8C8400CCF051 /* FirebaseAnalyticsWithoutAdIdSupport */ = {
			isa = XCSwiftPackageProductDependency;
			package = 2A6F48FA2B7B8C8400CCF051 /* XCRemoteSwiftPackageReference "firebase-ios-sdk" */;
			productName = FirebaseAnalyticsWithoutAdIdSupport;
		};
		2A6F49032B7B8C8400CCF051 /* FirebaseAppCheck */ = {
			isa = XCSwiftPackageProductDependency;
			package = 2A6F48FA2B7B8C8400CCF051 /* XCRemoteSwiftPackageReference "firebase-ios-sdk" */;
			productName = FirebaseAppCheck;
		};
		2A6F49052B7B8C8400CCF051 /* FirebaseAppDistribution-Beta */ = {
			isa = XCSwiftPackageProductDependency;
			package = 2A6F48FA2B7B8C8400CCF051 /* XCRemoteSwiftPackageReference "firebase-ios-sdk" */;
			productName = "FirebaseAppDistribution-Beta";
		};
		2A6F49072B7B8C8400CCF051 /* FirebaseAuth */ = {
			isa = XCSwiftPackageProductDependency;
			package = 2A6F48FA2B7B8C8400CCF051 /* XCRemoteSwiftPackageReference "firebase-ios-sdk" */;
			productName = FirebaseAuth;
		};
		2A6F49092B7B8C8400CCF051 /* FirebaseAuthCombine-Community */ = {
			isa = XCSwiftPackageProductDependency;
			package = 2A6F48FA2B7B8C8400CCF051 /* XCRemoteSwiftPackageReference "firebase-ios-sdk" */;
			productName = "FirebaseAuthCombine-Community";
		};
		2A6F490B2B7B8C8400CCF051 /* FirebaseCrashlytics */ = {
			isa = XCSwiftPackageProductDependency;
			package = 2A6F48FA2B7B8C8400CCF051 /* XCRemoteSwiftPackageReference "firebase-ios-sdk" */;
			productName = FirebaseCrashlytics;
		};
		2A6F490D2B7B8C8400CCF051 /* FirebaseDatabase */ = {
			isa = XCSwiftPackageProductDependency;
			package = 2A6F48FA2B7B8C8400CCF051 /* XCRemoteSwiftPackageReference "firebase-ios-sdk" */;
			productName = FirebaseDatabase;
		};
		2A6F490F2B7B8C8400CCF051 /* FirebaseDatabaseSwift */ = {
			isa = XCSwiftPackageProductDependency;
			package = 2A6F48FA2B7B8C8400CCF051 /* XCRemoteSwiftPackageReference "firebase-ios-sdk" */;
			productName = FirebaseDatabaseSwift;
		};
		2A6F49112B7B8C8400CCF051 /* FirebaseFirestoreSwift */ = {
			isa = XCSwiftPackageProductDependency;
			package = 2A6F48FA2B7B8C8400CCF051 /* XCRemoteSwiftPackageReference "firebase-ios-sdk" */;
			productName = FirebaseFirestoreSwift;
		};
		2A6F49132B7B8C8400CCF051 /* FirebaseFunctions */ = {
			isa = XCSwiftPackageProductDependency;
			package = 2A6F48FA2B7B8C8400CCF051 /* XCRemoteSwiftPackageReference "firebase-ios-sdk" */;
			productName = FirebaseFunctions;
		};
		2A6F49152B7B8C8400CCF051 /* FirebaseFunctionsCombine-Community */ = {
			isa = XCSwiftPackageProductDependency;
			package = 2A6F48FA2B7B8C8400CCF051 /* XCRemoteSwiftPackageReference "firebase-ios-sdk" */;
			productName = "FirebaseFunctionsCombine-Community";
		};
		2A6F49172B7B8C8400CCF051 /* FirebaseInAppMessaging-Beta */ = {
			isa = XCSwiftPackageProductDependency;
			package = 2A6F48FA2B7B8C8400CCF051 /* XCRemoteSwiftPackageReference "firebase-ios-sdk" */;
			productName = "FirebaseInAppMessaging-Beta";
		};
		2A6F49192B7B8C8400CCF051 /* FirebaseInAppMessagingSwift-Beta */ = {
			isa = XCSwiftPackageProductDependency;
			package = 2A6F48FA2B7B8C8400CCF051 /* XCRemoteSwiftPackageReference "firebase-ios-sdk" */;
			productName = "FirebaseInAppMessagingSwift-Beta";
		};
		2A6F491B2B7B8C8400CCF051 /* FirebaseMessaging */ = {
			isa = XCSwiftPackageProductDependency;
			package = 2A6F48FA2B7B8C8400CCF051 /* XCRemoteSwiftPackageReference "firebase-ios-sdk" */;
			productName = FirebaseMessaging;
		};
		2A6F491D2B7B8C8400CCF051 /* FirebasePerformance */ = {
			isa = XCSwiftPackageProductDependency;
			package = 2A6F48FA2B7B8C8400CCF051 /* XCRemoteSwiftPackageReference "firebase-ios-sdk" */;
			productName = FirebasePerformance;
		};
		2A6F491F2B7B8C8400CCF051 /* FirebaseRemoteConfig */ = {
			isa = XCSwiftPackageProductDependency;
			package = 2A6F48FA2B7B8C8400CCF051 /* XCRemoteSwiftPackageReference "firebase-ios-sdk" */;
			productName = FirebaseRemoteConfig;
		};
		2A6F49212B7B8C8400CCF051 /* FirebaseRemoteConfigSwift */ = {
			isa = XCSwiftPackageProductDependency;
			package = 2A6F48FA2B7B8C8400CCF051 /* XCRemoteSwiftPackageReference "firebase-ios-sdk" */;
			productName = FirebaseRemoteConfigSwift;
		};
		2A6F49232B7B8C8400CCF051 /* FirebaseStorage */ = {
			isa = XCSwiftPackageProductDependency;
			package = 2A6F48FA2B7B8C8400CCF051 /* XCRemoteSwiftPackageReference "firebase-ios-sdk" */;
			productName = FirebaseStorage;
		};
		2A6F49252B7B8C8400CCF051 /* FirebaseStorageCombine-Community */ = {
			isa = XCSwiftPackageProductDependency;
			package = 2A6F48FA2B7B8C8400CCF051 /* XCRemoteSwiftPackageReference "firebase-ios-sdk" */;
			productName = "FirebaseStorageCombine-Community";
		};
/* End XCSwiftPackageProductDependency section */
	};
	rootObject = 2ACACFF82B7B8A4200A5B83C /* Project object */;
}
